
Microsoft Visual Studio Solution File, Format Version 12.00
# Visual Studio Version 16
VisualStudioVersion = 16.0.29709.97
MinimumVisualStudioVersion = 10.0.40219.1
Project("{FAE04EC0-301F-11D3-BF4B-00C04F79EFBC}") = "Encapsulation01", "Encapsulation01\Encapsulation01.csproj", "{D1AB113C-928E-4082-AE2B-736AC0F80AE2}"
EndProject
Global
	GlobalSection(SolutionConfigurationPlatforms) = preSolution
		Debug|Any CPU = Debug|Any CPU
		Release|Any CPU = Release|Any CPU
	EndGlobalSection
	GlobalSection(ProjectConfigurationPlatforms) = postSolution
		{D1AB113C-928E-4082-AE2B-736AC0F80AE2}.Debug|Any CPU.ActiveCfg = Debug|Any CPU
		{D1AB113C-928E-4082-AE2B-736AC0F80AE2}.Debug|Any CPU.Build.0 = Debug|Any CPU
		{D1AB113C-928E-4082-AE2B-736AC0F80AE2}.Release|Any CPU.ActiveCfg = Release|Any CPU
		{D1AB113C-928E-4082-AE2B-736AC0F80AE2}.Release|Any CPU.Build.0 = Release|Any CPU
	EndGlobalSection
	GlobalSection(SolutionProperties) = preSolution
		HideSolutionNode = FALSE
	EndGlobalSection
	GlobalSection(ExtensibilityGlobals) = postSolution
		SolutionGuid = {465B7558-6B66-437A-9E7C-757230C860F2}
	EndGlobalSection
EndGlobal
